// !$*UTF8*$!
{
	archiveVersion = 1;
	classes = {
	};
	objectVersion = 56;
	objects = {

/* Begin PBXBuildFile section */
		A43C72DC29CDD3DF00CDF56B /* UsersViewModel.swift in Sources */ = {isa = PBXBuildFile; fileRef = A43C72DB29CDD3DF00CDF56B /* UsersViewModel.swift */; };
		A43C72DE29CDD80700CDF56B /* UserNetworkManager.swift in Sources */ = {isa = PBXBuildFile; fileRef = A43C72DD29CDD80700CDF56B /* UserNetworkManager.swift */; };
		A43C72E029CF8DF900CDF56B /* SignInViewModel.swift in Sources */ = {isa = PBXBuildFile; fileRef = A43C72DF29CF8DF900CDF56B /* SignInViewModel.swift */; };
		A43E2F792A542401006CFB63 /* MyCommentsViewModel.swift in Sources */ = {isa = PBXBuildFile; fileRef = A43E2F782A542401006CFB63 /* MyCommentsViewModel.swift */; };
		A43EDBEB29ED438D00573A2C /* Identifier.swift in Sources */ = {isa = PBXBuildFile; fileRef = A43EDBEA29ED438D00573A2C /* Identifier.swift */; };
		A44D59AF29A3722500FF7F22 /* CreateBookView.swift in Sources */ = {isa = PBXBuildFile; fileRef = A44D59AE29A3722500FF7F22 /* CreateBookView.swift */; };
		A44D59BD29A4077E00FF7F22 /* UserProfileView.swift in Sources */ = {isa = PBXBuildFile; fileRef = A44D59BC29A4077E00FF7F22 /* UserProfileView.swift */; };
		A44D59BF29A407C800FF7F22 /* LikesView.swift in Sources */ = {isa = PBXBuildFile; fileRef = A44D59BE29A407C800FF7F22 /* LikesView.swift */; };
		A44D59C129A4C21A00FF7F22 /* BookRow.swift in Sources */ = {isa = PBXBuildFile; fileRef = A44D59C029A4C21A00FF7F22 /* BookRow.swift */; };
		A44D59C329A4C59600FF7F22 /* BookDetail.swift in Sources */ = {isa = PBXBuildFile; fileRef = A44D59C229A4C59600FF7F22 /* BookDetail.swift */; };
		A44D59C729ACAFC800FF7F22 /* KartViewModel.swift in Sources */ = {isa = PBXBuildFile; fileRef = A44D59C629ACAFC800FF7F22 /* KartViewModel.swift */; };
		A44D59C929ACB05A00FF7F22 /* Like.swift in Sources */ = {isa = PBXBuildFile; fileRef = A44D59C829ACB05A00FF7F22 /* Like.swift */; };
		A44D59CB29ACB0D000FF7F22 /* User.swift in Sources */ = {isa = PBXBuildFile; fileRef = A44D59CA29ACB0D000FF7F22 /* User.swift */; };
		A44D59CD29ACB33200FF7F22 /* KartsNetworkManager.swift in Sources */ = {isa = PBXBuildFile; fileRef = A44D59CC29ACB33200FF7F22 /* KartsNetworkManager.swift */; };
		A45BDC522A531CC6003AB9FC /* CommentsOnMyBooksView.swift in Sources */ = {isa = PBXBuildFile; fileRef = A45BDC512A531CC6003AB9FC /* CommentsOnMyBooksView.swift */; };
		A45BDC542A531D8D003AB9FC /* MyComments.swift in Sources */ = {isa = PBXBuildFile; fileRef = A45BDC532A531D8D003AB9FC /* MyComments.swift */; };
		A499DCD12A22ABFA00777B8F /* ProfileSwitch.swift in Sources */ = {isa = PBXBuildFile; fileRef = A499DCD02A22ABFA00777B8F /* ProfileSwitch.swift */; };
		A499DCD32A22AD0B00777B8F /* Oups.swift in Sources */ = {isa = PBXBuildFile; fileRef = A499DCD22A22AD0B00777B8F /* Oups.swift */; };
		A499DCD52A23FA6C00777B8F /* BookKart.swift in Sources */ = {isa = PBXBuildFile; fileRef = A499DCD42A23FA6C00777B8F /* BookKart.swift */; };
		A499DCD72A2496B800777B8F /* Homepage.swift in Sources */ = {isa = PBXBuildFile; fileRef = A499DCD62A2496B800777B8F /* Homepage.swift */; };
		A499DCD92A24A46400777B8F /* SearchBook.swift in Sources */ = {isa = PBXBuildFile; fileRef = A499DCD82A24A46400777B8F /* SearchBook.swift */; };
		A499DCDB2A2749E500777B8F /* HomepageViewModel.swift in Sources */ = {isa = PBXBuildFile; fileRef = A499DCDA2A2749E500777B8F /* HomepageViewModel.swift */; };
		A499DCDD2A274CA900777B8F /* HomepageNetworkManager.swift in Sources */ = {isa = PBXBuildFile; fileRef = A499DCDC2A274CA900777B8F /* HomepageNetworkManager.swift */; };
		A499DCE02A274DFC00777B8F /* HomepageMenuSelector.swift in Sources */ = {isa = PBXBuildFile; fileRef = A499DCDF2A274DFC00777B8F /* HomepageMenuSelector.swift */; };
		A499DCE22A2A17E800777B8F /* ProfileSwitchViewModel.swift in Sources */ = {isa = PBXBuildFile; fileRef = A499DCE12A2A17E800777B8F /* ProfileSwitchViewModel.swift */; };
		A499DCE62A2F27B700777B8F /* SortedBooksDTO.swift in Sources */ = {isa = PBXBuildFile; fileRef = A499DCE52A2F27B700777B8F /* SortedBooksDTO.swift */; };
		A499DCE82A307A7C00777B8F /* HomepageToolbar.swift in Sources */ = {isa = PBXBuildFile; fileRef = A499DCE72A307A7C00777B8F /* HomepageToolbar.swift */; };
		A499DCEA2A3774FE00777B8F /* UpdateProfile.swift in Sources */ = {isa = PBXBuildFile; fileRef = A499DCE92A3774FE00777B8F /* UpdateProfile.swift */; };
		A4AEC1DE2A6A6DD600875E70 /* ProfileViewModel.swift in Sources */ = {isa = PBXBuildFile; fileRef = A4AEC1DD2A6A6DD600875E70 /* ProfileViewModel.swift */; };
		A4AEC1E02A6ED78500875E70 /* UserUseCase.swift in Sources */ = {isa = PBXBuildFile; fileRef = A4AEC1DF2A6ED78500875E70 /* UserUseCase.swift */; };
		A4AEC1E22A6ED8BF00875E70 /* UserAPI.swift in Sources */ = {isa = PBXBuildFile; fileRef = A4AEC1E12A6ED8BF00875E70 /* UserAPI.swift */; };
		A4AEC1E62A7164C400875E70 /* CommentsUseCase.swift in Sources */ = {isa = PBXBuildFile; fileRef = A4AEC1E52A7164C400875E70 /* CommentsUseCase.swift */; };
		A4AEC1E82A7165BE00875E70 /* CommentsAPI.swift in Sources */ = {isa = PBXBuildFile; fileRef = A4AEC1E72A7165BE00875E70 /* CommentsAPI.swift */; };
		A4AF589629CC617A003F03AD /* Comment.swift in Sources */ = {isa = PBXBuildFile; fileRef = A4AF589529CC617A003F03AD /* Comment.swift */; };
		A4AF589829CC61F3003F03AD /* Kart.swift in Sources */ = {isa = PBXBuildFile; fileRef = A4AF589729CC61F3003F03AD /* Kart.swift */; };
		A4AF589A29CC628E003F03AD /* Rating.swift in Sources */ = {isa = PBXBuildFile; fileRef = A4AF589929CC628E003F03AD /* Rating.swift */; };
		A4AF589C29CC6522003F03AD /* SignInView.swift in Sources */ = {isa = PBXBuildFile; fileRef = A4AF589B29CC6522003F03AD /* SignInView.swift */; };
		A4AF589E29CC6529003F03AD /* CreateAccountView.swift in Sources */ = {isa = PBXBuildFile; fileRef = A4AF589D29CC6529003F03AD /* CreateAccountView.swift */; };
		A4AF58A029CC653D003F03AD /* KartView.swift in Sources */ = {isa = PBXBuildFile; fileRef = A4AF589F29CC653D003F03AD /* KartView.swift */; };
		A4BDB5DB29D5BD4500C973CE /* UserProfileEnum.swift in Sources */ = {isa = PBXBuildFile; fileRef = A4BDB5DA29D5BD4500C973CE /* UserProfileEnum.swift */; };
		A4C782C92A55969B00AACE4E /* HTTP.swift in Sources */ = {isa = PBXBuildFile; fileRef = A4C782C82A55969A00AACE4E /* HTTP.swift */; };
		A4C782CB2A5596D600AACE4E /* API.swift in Sources */ = {isa = PBXBuildFile; fileRef = A4C782CA2A5596D600AACE4E /* API.swift */; };
		A4C782CF2A559FDB00AACE4E /* Endpoint.swift in Sources */ = {isa = PBXBuildFile; fileRef = A4C782CE2A559FDB00AACE4E /* Endpoint.swift */; };
		A4C782D12A55A6C800AACE4E /* HTTPRequestFactory.swift in Sources */ = {isa = PBXBuildFile; fileRef = A4C782D02A55A6C800AACE4E /* HTTPRequestFactory.swift */; };
		A4C782D32A56B1C000AACE4E /* ChangePasswordDTO.swift in Sources */ = {isa = PBXBuildFile; fileRef = A4C782D22A56B1C000AACE4E /* ChangePasswordDTO.swift */; };
		A4C782D92A56D74400AACE4E /* TokenRepository.swift in Sources */ = {isa = PBXBuildFile; fileRef = A4C782D82A56D74400AACE4E /* TokenRepository.swift */; };
		A4C782DB2A5C303B00AACE4E /* BooksAPI.swift in Sources */ = {isa = PBXBuildFile; fileRef = A4C782DA2A5C303B00AACE4E /* BooksAPI.swift */; };
		A4C782DE2A5C378D00AACE4E /* Book.swift in Sources */ = {isa = PBXBuildFile; fileRef = A4C782DD2A5C378D00AACE4E /* Book.swift */; };
		A4C782E12A5C3DBF00AACE4E /* UseCase.swift in Sources */ = {isa = PBXBuildFile; fileRef = A4C782E02A5C3DBF00AACE4E /* UseCase.swift */; };
		A4C782E32A5C3DF700AACE4E /* BooksUseCase.swift in Sources */ = {isa = PBXBuildFile; fileRef = A4C782E22A5C3DF700AACE4E /* BooksUseCase.swift */; };
		A4C9863C299FB843003CF879 /* ClientApp.swift in Sources */ = {isa = PBXBuildFile; fileRef = A4C9863B299FB843003CF879 /* ClientApp.swift */; };
		A4C9863E299FB843003CF879 /* MainMenu.swift in Sources */ = {isa = PBXBuildFile; fileRef = A4C9863D299FB843003CF879 /* MainMenu.swift */; };
		A4C98640299FB844003CF879 /* Assets.xcassets in Resources */ = {isa = PBXBuildFile; fileRef = A4C9863F299FB844003CF879 /* Assets.xcassets */; };
		A4C98643299FB844003CF879 /* Preview Assets.xcassets in Resources */ = {isa = PBXBuildFile; fileRef = A4C98642299FB844003CF879 /* Preview Assets.xcassets */; };
		A4C9864D299FB845003CF879 /* ClientTests.swift in Sources */ = {isa = PBXBuildFile; fileRef = A4C9864C299FB845003CF879 /* ClientTests.swift */; };
		A4C98657299FB845003CF879 /* ClientUITests.swift in Sources */ = {isa = PBXBuildFile; fileRef = A4C98656299FB845003CF879 /* ClientUITests.swift */; };
		A4C98659299FB845003CF879 /* ClientUITestsLaunchTests.swift in Sources */ = {isa = PBXBuildFile; fileRef = A4C98658299FB845003CF879 /* ClientUITestsLaunchTests.swift */; };
		A4C98667299FD187003CF879 /* HttpClient.swift in Sources */ = {isa = PBXBuildFile; fileRef = A4C98666299FD187003CF879 /* HttpClient.swift */; };
		A4C98669299FD8DD003CF879 /* Networking.swift in Sources */ = {isa = PBXBuildFile; fileRef = A4C98668299FD8DD003CF879 /* Networking.swift */; };
		A4C9866B299FDB68003CF879 /* BooksNetworkManager.swift in Sources */ = {isa = PBXBuildFile; fileRef = A4C9866A299FDB68003CF879 /* BooksNetworkManager.swift */; };
		A4C9866D29A10835003CF879 /* Constants.swift in Sources */ = {isa = PBXBuildFile; fileRef = A4C9866C29A10835003CF879 /* Constants.swift */; };
		A4C9867029A10B5F003CF879 /* OldBook.swift in Sources */ = {isa = PBXBuildFile; fileRef = A4C9866F29A10B5F003CF879 /* OldBook.swift */; };
		A4C9867329A1198F003CF879 /* BooksViewModel.swift in Sources */ = {isa = PBXBuildFile; fileRef = A4C9867229A1198F003CF879 /* BooksViewModel.swift */; };
		A4C9867829A11EFC003CF879 /* BooksList.swift in Sources */ = {isa = PBXBuildFile; fileRef = A4C9867729A11EFC003CF879 /* BooksList.swift */; };
		A4DD9DB229D9D4E40063DD9B /* BooksByMyFavoriteAuthorView.swift in Sources */ = {isa = PBXBuildFile; fileRef = A4DD9DB129D9D4E40063DD9B /* BooksByMyFavoriteAuthorView.swift */; };
		A4DD9DB429D9D50B0063DD9B /* MyFriendsView.swift in Sources */ = {isa = PBXBuildFile; fileRef = A4DD9DB329D9D50B0063DD9B /* MyFriendsView.swift */; };
		A4DD9DB629D9D54F0063DD9B /* SoldBooks.swift in Sources */ = {isa = PBXBuildFile; fileRef = A4DD9DB529D9D54F0063DD9B /* SoldBooks.swift */; };
		A4DD9DB829D9D56B0063DD9B /* BoughtBooks.swift in Sources */ = {isa = PBXBuildFile; fileRef = A4DD9DB729D9D56B0063DD9B /* BoughtBooks.swift */; };
		A4DD9DBA29DAC95C0063DD9B /* Keychain.swift in Sources */ = {isa = PBXBuildFile; fileRef = A4DD9DB929DAC95C0063DD9B /* Keychain.swift */; };
		A4DD9DC229DED1220063DD9B /* UserToken.swift in Sources */ = {isa = PBXBuildFile; fileRef = A4DD9DC129DED1220063DD9B /* UserToken.swift */; };
		A4DD9DC429DF12B50063DD9B /* LoginChoiceScreen.swift in Sources */ = {isa = PBXBuildFile; fileRef = A4DD9DC329DF12B40063DD9B /* LoginChoiceScreen.swift */; };
		A4DD9DC629DF14630063DD9B /* LoginEnum .swift in Sources */ = {isa = PBXBuildFile; fileRef = A4DD9DC529DF14630063DD9B /* LoginEnum .swift */; };
		A4DD9DC829DF24E40063DD9B /* ForgotMyPassword.swift in Sources */ = {isa = PBXBuildFile; fileRef = A4DD9DC729DF24E40063DD9B /* ForgotMyPassword.swift */; };
		A4DEA2752A128E4000FE6EB3 /* NewUser.swift in Sources */ = {isa = PBXBuildFile; fileRef = A4DEA2742A128E4000FE6EB3 /* NewUser.swift */; };
		A4DEA2772A1373D400FE6EB3 /* GetUser.swift in Sources */ = {isa = PBXBuildFile; fileRef = A4DEA2762A1373D400FE6EB3 /* GetUser.swift */; };
		A4DEA2792A1511DE00FE6EB3 /* PatchPurchaseBook.swift in Sources */ = {isa = PBXBuildFile; fileRef = A4DEA2782A1511DE00FE6EB3 /* PatchPurchaseBook.swift */; };
		A4EF9CCD2A557DE700E7897B /* ChangeMyPassword.swift in Sources */ = {isa = PBXBuildFile; fileRef = A4EF9CCC2A557DE700E7897B /* ChangeMyPassword.swift */; };
/* End PBXBuildFile section */

/* Begin PBXContainerItemProxy section */
		A4C98649299FB845003CF879 /* PBXContainerItemProxy */ = {
			isa = PBXContainerItemProxy;
			containerPortal = A4C98630299FB843003CF879 /* Project object */;
			proxyType = 1;
			remoteGlobalIDString = A4C98637299FB843003CF879;
			remoteInfo = Client;
		};
		A4C98653299FB845003CF879 /* PBXContainerItemProxy */ = {
			isa = PBXContainerItemProxy;
			containerPortal = A4C98630299FB843003CF879 /* Project object */;
			proxyType = 1;
			remoteGlobalIDString = A4C98637299FB843003CF879;
			remoteInfo = Client;
		};
/* End PBXContainerItemProxy section */

/* Begin PBXFileReference section */
		A43C72DB29CDD3DF00CDF56B /* UsersViewModel.swift */ = {isa = PBXFileReference; lastKnownFileType = sourcecode.swift; name = UsersViewModel.swift; path = Client/Views/Profile/UsersViewModel.swift; sourceTree = SOURCE_ROOT; };
		A43C72DD29CDD80700CDF56B /* UserNetworkManager.swift */ = {isa = PBXFileReference; lastKnownFileType = sourcecode.swift; path = UserNetworkManager.swift; sourceTree = "<group>"; };
		A43C72DF29CF8DF900CDF56B /* SignInViewModel.swift */ = {isa = PBXFileReference; lastKnownFileType = sourcecode.swift; path = SignInViewModel.swift; sourceTree = "<group>"; };
		A43E2F782A542401006CFB63 /* MyCommentsViewModel.swift */ = {isa = PBXFileReference; lastKnownFileType = sourcecode.swift; path = MyCommentsViewModel.swift; sourceTree = "<group>"; };
		A43EDBEA29ED438D00573A2C /* Identifier.swift */ = {isa = PBXFileReference; lastKnownFileType = sourcecode.swift; path = Identifier.swift; sourceTree = "<group>"; };
		A44D59AE29A3722500FF7F22 /* CreateBookView.swift */ = {isa = PBXFileReference; lastKnownFileType = sourcecode.swift; path = CreateBookView.swift; sourceTree = "<group>"; };
		A44D59BC29A4077E00FF7F22 /* UserProfileView.swift */ = {isa = PBXFileReference; lastKnownFileType = sourcecode.swift; path = UserProfileView.swift; sourceTree = "<group>"; };
		A44D59BE29A407C800FF7F22 /* LikesView.swift */ = {isa = PBXFileReference; lastKnownFileType = sourcecode.swift; path = LikesView.swift; sourceTree = "<group>"; };
		A44D59C029A4C21A00FF7F22 /* BookRow.swift */ = {isa = PBXFileReference; lastKnownFileType = sourcecode.swift; path = BookRow.swift; sourceTree = "<group>"; };
		A44D59C229A4C59600FF7F22 /* BookDetail.swift */ = {isa = PBXFileReference; lastKnownFileType = sourcecode.swift; path = BookDetail.swift; sourceTree = "<group>"; };
		A44D59C629ACAFC800FF7F22 /* KartViewModel.swift */ = {isa = PBXFileReference; lastKnownFileType = sourcecode.swift; path = KartViewModel.swift; sourceTree = "<group>"; };
		A44D59C829ACB05A00FF7F22 /* Like.swift */ = {isa = PBXFileReference; lastKnownFileType = sourcecode.swift; path = Like.swift; sourceTree = "<group>"; };
		A44D59CA29ACB0D000FF7F22 /* User.swift */ = {isa = PBXFileReference; lastKnownFileType = sourcecode.swift; path = User.swift; sourceTree = "<group>"; };
		A44D59CC29ACB33200FF7F22 /* KartsNetworkManager.swift */ = {isa = PBXFileReference; lastKnownFileType = sourcecode.swift; path = KartsNetworkManager.swift; sourceTree = "<group>"; };
		A45BDC512A531CC6003AB9FC /* CommentsOnMyBooksView.swift */ = {isa = PBXFileReference; lastKnownFileType = sourcecode.swift; path = CommentsOnMyBooksView.swift; sourceTree = "<group>"; };
		A45BDC532A531D8D003AB9FC /* MyComments.swift */ = {isa = PBXFileReference; lastKnownFileType = sourcecode.swift; path = MyComments.swift; sourceTree = "<group>"; };
		A499DCD02A22ABFA00777B8F /* ProfileSwitch.swift */ = {isa = PBXFileReference; lastKnownFileType = sourcecode.swift; path = ProfileSwitch.swift; sourceTree = "<group>"; };
		A499DCD22A22AD0B00777B8F /* Oups.swift */ = {isa = PBXFileReference; lastKnownFileType = sourcecode.swift; path = Oups.swift; sourceTree = "<group>"; };
		A499DCD42A23FA6C00777B8F /* BookKart.swift */ = {isa = PBXFileReference; lastKnownFileType = sourcecode.swift; name = BookKart.swift; path = Client/Views/Book/BookKart.swift; sourceTree = SOURCE_ROOT; };
		A499DCD62A2496B800777B8F /* Homepage.swift */ = {isa = PBXFileReference; lastKnownFileType = sourcecode.swift; path = Homepage.swift; sourceTree = "<group>"; };
		A499DCD82A24A46400777B8F /* SearchBook.swift */ = {isa = PBXFileReference; lastKnownFileType = sourcecode.swift; path = SearchBook.swift; sourceTree = "<group>"; };
		A499DCDA2A2749E500777B8F /* HomepageViewModel.swift */ = {isa = PBXFileReference; lastKnownFileType = sourcecode.swift; path = HomepageViewModel.swift; sourceTree = "<group>"; };
		A499DCDC2A274CA900777B8F /* HomepageNetworkManager.swift */ = {isa = PBXFileReference; lastKnownFileType = sourcecode.swift; path = HomepageNetworkManager.swift; sourceTree = SOURCE_ROOT; };
		A499DCDF2A274DFC00777B8F /* HomepageMenuSelector.swift */ = {isa = PBXFileReference; lastKnownFileType = sourcecode.swift; path = HomepageMenuSelector.swift; sourceTree = "<group>"; };
		A499DCE12A2A17E800777B8F /* ProfileSwitchViewModel.swift */ = {isa = PBXFileReference; lastKnownFileType = sourcecode.swift; path = ProfileSwitchViewModel.swift; sourceTree = "<group>"; };
		A499DCE52A2F27B700777B8F /* SortedBooksDTO.swift */ = {isa = PBXFileReference; lastKnownFileType = sourcecode.swift; path = SortedBooksDTO.swift; sourceTree = "<group>"; };
		A499DCE72A307A7C00777B8F /* HomepageToolbar.swift */ = {isa = PBXFileReference; lastKnownFileType = sourcecode.swift; name = HomepageToolbar.swift; path = Client/Views/HomepageToolbar.swift; sourceTree = SOURCE_ROOT; };
		A499DCE92A3774FE00777B8F /* UpdateProfile.swift */ = {isa = PBXFileReference; lastKnownFileType = sourcecode.swift; path = UpdateProfile.swift; sourceTree = "<group>"; };
		A4AEC1DD2A6A6DD600875E70 /* ProfileViewModel.swift */ = {isa = PBXFileReference; lastKnownFileType = sourcecode.swift; path = ProfileViewModel.swift; sourceTree = "<group>"; };
		A4AEC1DF2A6ED78500875E70 /* UserUseCase.swift */ = {isa = PBXFileReference; lastKnownFileType = sourcecode.swift; path = UserUseCase.swift; sourceTree = "<group>"; };
		A4AEC1E12A6ED8BF00875E70 /* UserAPI.swift */ = {isa = PBXFileReference; lastKnownFileType = sourcecode.swift; path = UserAPI.swift; sourceTree = "<group>"; };
		A4AEC1E52A7164C400875E70 /* CommentsUseCase.swift */ = {isa = PBXFileReference; lastKnownFileType = sourcecode.swift; path = CommentsUseCase.swift; sourceTree = "<group>"; };
		A4AEC1E72A7165BE00875E70 /* CommentsAPI.swift */ = {isa = PBXFileReference; lastKnownFileType = sourcecode.swift; path = CommentsAPI.swift; sourceTree = "<group>"; };
		A4AF589529CC617A003F03AD /* Comment.swift */ = {isa = PBXFileReference; lastKnownFileType = sourcecode.swift; path = Comment.swift; sourceTree = "<group>"; };
		A4AF589729CC61F3003F03AD /* Kart.swift */ = {isa = PBXFileReference; lastKnownFileType = sourcecode.swift; path = Kart.swift; sourceTree = "<group>"; };
		A4AF589929CC628E003F03AD /* Rating.swift */ = {isa = PBXFileReference; lastKnownFileType = sourcecode.swift; path = Rating.swift; sourceTree = "<group>"; };
		A4AF589B29CC6522003F03AD /* SignInView.swift */ = {isa = PBXFileReference; lastKnownFileType = sourcecode.swift; path = SignInView.swift; sourceTree = "<group>"; };
		A4AF589D29CC6529003F03AD /* CreateAccountView.swift */ = {isa = PBXFileReference; lastKnownFileType = sourcecode.swift; path = CreateAccountView.swift; sourceTree = "<group>"; };
		A4AF589F29CC653D003F03AD /* KartView.swift */ = {isa = PBXFileReference; lastKnownFileType = sourcecode.swift; path = KartView.swift; sourceTree = "<group>"; };
		A4BDB5DA29D5BD4500C973CE /* UserProfileEnum.swift */ = {isa = PBXFileReference; lastKnownFileType = sourcecode.swift; name = UserProfileEnum.swift; path = Client/Utilities/User/UserProfileEnum.swift; sourceTree = SOURCE_ROOT; };
		A4C782C82A55969A00AACE4E /* HTTP.swift */ = {isa = PBXFileReference; lastKnownFileType = sourcecode.swift; name = HTTP.swift; path = Client/Utilities/Networking/HTTP/HTTP.swift; sourceTree = SOURCE_ROOT; };
		A4C782CA2A5596D600AACE4E /* API.swift */ = {isa = PBXFileReference; lastKnownFileType = sourcecode.swift; path = API.swift; sourceTree = "<group>"; };
		A4C782CE2A559FDB00AACE4E /* Endpoint.swift */ = {isa = PBXFileReference; lastKnownFileType = sourcecode.swift; path = Endpoint.swift; sourceTree = "<group>"; };
		A4C782D02A55A6C800AACE4E /* HTTPRequestFactory.swift */ = {isa = PBXFileReference; lastKnownFileType = sourcecode.swift; path = HTTPRequestFactory.swift; sourceTree = SOURCE_ROOT; };
		A4C782D22A56B1C000AACE4E /* ChangePasswordDTO.swift */ = {isa = PBXFileReference; lastKnownFileType = sourcecode.swift; path = ChangePasswordDTO.swift; sourceTree = "<group>"; };
		A4C782D82A56D74400AACE4E /* TokenRepository.swift */ = {isa = PBXFileReference; lastKnownFileType = sourcecode.swift; path = TokenRepository.swift; sourceTree = "<group>"; };
		A4C782DA2A5C303B00AACE4E /* BooksAPI.swift */ = {isa = PBXFileReference; lastKnownFileType = sourcecode.swift; path = BooksAPI.swift; sourceTree = "<group>"; };
		A4C782DD2A5C378D00AACE4E /* Book.swift */ = {isa = PBXFileReference; lastKnownFileType = sourcecode.swift; path = Book.swift; sourceTree = "<group>"; };
		A4C782E02A5C3DBF00AACE4E /* UseCase.swift */ = {isa = PBXFileReference; lastKnownFileType = sourcecode.swift; path = UseCase.swift; sourceTree = "<group>"; };
		A4C782E22A5C3DF700AACE4E /* BooksUseCase.swift */ = {isa = PBXFileReference; lastKnownFileType = sourcecode.swift; path = BooksUseCase.swift; sourceTree = "<group>"; };
		A4C98638299FB843003CF879 /* Client.app */ = {isa = PBXFileReference; explicitFileType = wrapper.application; includeInIndex = 0; path = Client.app; sourceTree = BUILT_PRODUCTS_DIR; };
		A4C9863B299FB843003CF879 /* ClientApp.swift */ = {isa = PBXFileReference; lastKnownFileType = sourcecode.swift; path = ClientApp.swift; sourceTree = "<group>"; };
		A4C9863D299FB843003CF879 /* MainMenu.swift */ = {isa = PBXFileReference; lastKnownFileType = sourcecode.swift; path = MainMenu.swift; sourceTree = "<group>"; };
		A4C9863F299FB844003CF879 /* Assets.xcassets */ = {isa = PBXFileReference; lastKnownFileType = folder.assetcatalog; path = Assets.xcassets; sourceTree = "<group>"; };
		A4C98642299FB844003CF879 /* Preview Assets.xcassets */ = {isa = PBXFileReference; lastKnownFileType = folder.assetcatalog; path = "Preview Assets.xcassets"; sourceTree = "<group>"; };
		A4C98648299FB845003CF879 /* ClientTests.xctest */ = {isa = PBXFileReference; explicitFileType = wrapper.cfbundle; includeInIndex = 0; path = ClientTests.xctest; sourceTree = BUILT_PRODUCTS_DIR; };
		A4C9864C299FB845003CF879 /* ClientTests.swift */ = {isa = PBXFileReference; lastKnownFileType = sourcecode.swift; path = ClientTests.swift; sourceTree = "<group>"; };
		A4C98652299FB845003CF879 /* ClientUITests.xctest */ = {isa = PBXFileReference; explicitFileType = wrapper.cfbundle; includeInIndex = 0; path = ClientUITests.xctest; sourceTree = BUILT_PRODUCTS_DIR; };
		A4C98656299FB845003CF879 /* ClientUITests.swift */ = {isa = PBXFileReference; lastKnownFileType = sourcecode.swift; path = ClientUITests.swift; sourceTree = "<group>"; };
		A4C98658299FB845003CF879 /* ClientUITestsLaunchTests.swift */ = {isa = PBXFileReference; lastKnownFileType = sourcecode.swift; path = ClientUITestsLaunchTests.swift; sourceTree = "<group>"; };
		A4C98666299FD187003CF879 /* HttpClient.swift */ = {isa = PBXFileReference; lastKnownFileType = sourcecode.swift; path = HttpClient.swift; sourceTree = "<group>"; };
		A4C98668299FD8DD003CF879 /* Networking.swift */ = {isa = PBXFileReference; lastKnownFileType = sourcecode.swift; path = Networking.swift; sourceTree = "<group>"; };
		A4C9866A299FDB68003CF879 /* BooksNetworkManager.swift */ = {isa = PBXFileReference; lastKnownFileType = sourcecode.swift; path = BooksNetworkManager.swift; sourceTree = "<group>"; };
		A4C9866C29A10835003CF879 /* Constants.swift */ = {isa = PBXFileReference; lastKnownFileType = sourcecode.swift; path = Constants.swift; sourceTree = "<group>"; };
		A4C9866F29A10B5F003CF879 /* OldBook.swift */ = {isa = PBXFileReference; lastKnownFileType = sourcecode.swift; path = OldBook.swift; sourceTree = "<group>"; };
		A4C9867229A1198F003CF879 /* BooksViewModel.swift */ = {isa = PBXFileReference; lastKnownFileType = sourcecode.swift; path = BooksViewModel.swift; sourceTree = "<group>"; };
		A4C9867729A11EFC003CF879 /* BooksList.swift */ = {isa = PBXFileReference; lastKnownFileType = sourcecode.swift; path = BooksList.swift; sourceTree = "<group>"; };
		A4DD9DB129D9D4E40063DD9B /* BooksByMyFavoriteAuthorView.swift */ = {isa = PBXFileReference; lastKnownFileType = sourcecode.swift; path = BooksByMyFavoriteAuthorView.swift; sourceTree = SOURCE_ROOT; };
		A4DD9DB329D9D50B0063DD9B /* MyFriendsView.swift */ = {isa = PBXFileReference; lastKnownFileType = sourcecode.swift; path = MyFriendsView.swift; sourceTree = "<group>"; };
		A4DD9DB529D9D54F0063DD9B /* SoldBooks.swift */ = {isa = PBXFileReference; lastKnownFileType = sourcecode.swift; path = SoldBooks.swift; sourceTree = "<group>"; };
		A4DD9DB729D9D56B0063DD9B /* BoughtBooks.swift */ = {isa = PBXFileReference; lastKnownFileType = sourcecode.swift; path = BoughtBooks.swift; sourceTree = "<group>"; };
		A4DD9DB929DAC95C0063DD9B /* Keychain.swift */ = {isa = PBXFileReference; lastKnownFileType = sourcecode.swift; path = Keychain.swift; sourceTree = "<group>"; };
		A4DD9DC129DED1220063DD9B /* UserToken.swift */ = {isa = PBXFileReference; lastKnownFileType = sourcecode.swift; name = UserToken.swift; path = Client/UserToken.swift; sourceTree = SOURCE_ROOT; };
		A4DD9DC329DF12B40063DD9B /* LoginChoiceScreen.swift */ = {isa = PBXFileReference; lastKnownFileType = sourcecode.swift; path = LoginChoiceScreen.swift; sourceTree = "<group>"; };
		A4DD9DC529DF14630063DD9B /* LoginEnum .swift */ = {isa = PBXFileReference; lastKnownFileType = sourcecode.swift; name = "LoginEnum .swift"; path = "Client/Views/Profile/LoginEnum .swift"; sourceTree = SOURCE_ROOT; };
		A4DD9DC729DF24E40063DD9B /* ForgotMyPassword.swift */ = {isa = PBXFileReference; lastKnownFileType = sourcecode.swift; path = ForgotMyPassword.swift; sourceTree = "<group>"; };
		A4DEA2742A128E4000FE6EB3 /* NewUser.swift */ = {isa = PBXFileReference; lastKnownFileType = sourcecode.swift; path = NewUser.swift; sourceTree = "<group>"; };
		A4DEA2762A1373D400FE6EB3 /* GetUser.swift */ = {isa = PBXFileReference; lastKnownFileType = sourcecode.swift; path = GetUser.swift; sourceTree = "<group>"; };
		A4DEA2782A1511DE00FE6EB3 /* PatchPurchaseBook.swift */ = {isa = PBXFileReference; lastKnownFileType = sourcecode.swift; path = PatchPurchaseBook.swift; sourceTree = "<group>"; };
		A4EF9CCC2A557DE700E7897B /* ChangeMyPassword.swift */ = {isa = PBXFileReference; lastKnownFileType = sourcecode.swift; path = ChangeMyPassword.swift; sourceTree = "<group>"; };
/* End PBXFileReference section */

/* Begin PBXFrameworksBuildPhase section */
		A4C98635299FB843003CF879 /* Frameworks */ = {
			isa = PBXFrameworksBuildPhase;
			buildActionMask = 2147483647;
			files = (
			);
			runOnlyForDeploymentPostprocessing = 0;
		};
		A4C98645299FB845003CF879 /* Frameworks */ = {
			isa = PBXFrameworksBuildPhase;
			buildActionMask = 2147483647;
			files = (
			);
			runOnlyForDeploymentPostprocessing = 0;
		};
		A4C9864F299FB845003CF879 /* Frameworks */ = {
			isa = PBXFrameworksBuildPhase;
			buildActionMask = 2147483647;
			files = (
			);
			runOnlyForDeploymentPostprocessing = 0;
		};
/* End PBXFrameworksBuildPhase section */

/* Begin PBXGroup section */
		A413CB3F29BD406800FDB528 /* Book */ = {
			isa = PBXGroup;
			children = (
				A499DCD62A2496B800777B8F /* Homepage.swift */,
				A499DCE72A307A7C00777B8F /* HomepageToolbar.swift */,
				A44D59C029A4C21A00FF7F22 /* BookRow.swift */,
				A4C9867729A11EFC003CF879 /* BooksList.swift */,
				A44D59AE29A3722500FF7F22 /* CreateBookView.swift */,
				A44D59C229A4C59600FF7F22 /* BookDetail.swift */,
				A499DCD82A24A46400777B8F /* SearchBook.swift */,
			);
			path = Book;
			sourceTree = "<group>";
		};
		A413CB4029BD40A300FDB528 /* Profile */ = {
			isa = PBXGroup;
			children = (
				A4DD9DB129D9D4E40063DD9B /* BooksByMyFavoriteAuthorView.swift */,
				A499DCD02A22ABFA00777B8F /* ProfileSwitch.swift */,
				A499DCD22A22AD0B00777B8F /* Oups.swift */,
				A44D59BE29A407C800FF7F22 /* LikesView.swift */,
				A4AF589F29CC653D003F03AD /* KartView.swift */,
				A44D59BC29A4077E00FF7F22 /* UserProfileView.swift */,
				A45BDC532A531D8D003AB9FC /* MyComments.swift */,
				A45BDC512A531CC6003AB9FC /* CommentsOnMyBooksView.swift */,
				A499DCE92A3774FE00777B8F /* UpdateProfile.swift */,
				A4EF9CCC2A557DE700E7897B /* ChangeMyPassword.swift */,
				A4DD9DC329DF12B40063DD9B /* LoginChoiceScreen.swift */,
				A4DD9DC729DF24E40063DD9B /* ForgotMyPassword.swift */,
				A4DD9DB729D9D56B0063DD9B /* BoughtBooks.swift */,
				A4DD9DB529D9D54F0063DD9B /* SoldBooks.swift */,
				A4DD9DB329D9D50B0063DD9B /* MyFriendsView.swift */,
				A4AF589D29CC6529003F03AD /* CreateAccountView.swift */,
				A4AF589B29CC6522003F03AD /* SignInView.swift */,
			);
			path = Profile;
			sourceTree = "<group>";
		};
		A499DCDE2A274DEB00777B8F /* Enums */ = {
			isa = PBXGroup;
			children = (
				A499DCDF2A274DFC00777B8F /* HomepageMenuSelector.swift */,
			);
			path = Enums;
			sourceTree = "<group>";
		};
		A4C782CC2A559FB000AACE4E /* HTTP */ = {
			isa = PBXGroup;
			children = (
				A4C782D02A55A6C800AACE4E /* HTTPRequestFactory.swift */,
				A4C782C82A55969A00AACE4E /* HTTP.swift */,
			);
			path = HTTP;
			sourceTree = "<group>";
		};
		A4C782CD2A559FC400AACE4E /* API */ = {
			isa = PBXGroup;
			children = (
				A4C782DC2A5C377C00AACE4E /* Models */,
				A4C782CA2A5596D600AACE4E /* API.swift */,
				A4C782DA2A5C303B00AACE4E /* BooksAPI.swift */,
				A4AEC1E12A6ED8BF00875E70 /* UserAPI.swift */,
				A4AEC1E72A7165BE00875E70 /* CommentsAPI.swift */,
				A4C782CE2A559FDB00AACE4E /* Endpoint.swift */,
			);
			path = API;
			sourceTree = "<group>";
		};
		A4C782D42A56D6EA00AACE4E /* Keychain */ = {
			isa = PBXGroup;
			children = (
				A4DD9DB929DAC95C0063DD9B /* Keychain.swift */,
			);
			path = Keychain;
			sourceTree = "<group>";
		};
		A4C782D72A56D71F00AACE4E /* Storage */ = {
			isa = PBXGroup;
			children = (
				A4C782D82A56D74400AACE4E /* TokenRepository.swift */,
				A4C782D42A56D6EA00AACE4E /* Keychain */,
			);
			path = Storage;
			sourceTree = "<group>";
		};
		A4C782DC2A5C377C00AACE4E /* Models */ = {
			isa = PBXGroup;
			children = (
				A4C782DD2A5C378D00AACE4E /* Book.swift */,
			);
			path = Models;
			sourceTree = "<group>";
		};
		A4C782DF2A5C3D2E00AACE4E /* UseCases */ = {
			isa = PBXGroup;
			children = (
				A4C782E02A5C3DBF00AACE4E /* UseCase.swift */,
				A4AEC1DF2A6ED78500875E70 /* UserUseCase.swift */,
				A4C782E22A5C3DF700AACE4E /* BooksUseCase.swift */,
				A4AEC1E52A7164C400875E70 /* CommentsUseCase.swift */,
			);
			path = UseCases;
			sourceTree = "<group>";
		};
		A4C9862F299FB843003CF879 = {
			isa = PBXGroup;
			children = (
				A4C9863A299FB843003CF879 /* Client */,
				A4C9864B299FB845003CF879 /* ClientTests */,
				A4C98655299FB845003CF879 /* ClientUITests */,
				A4C98639299FB843003CF879 /* Products */,
			);
			sourceTree = "<group>";
		};
		A4C98639299FB843003CF879 /* Products */ = {
			isa = PBXGroup;
			children = (
				A4C98638299FB843003CF879 /* Client.app */,
				A4C98648299FB845003CF879 /* ClientTests.xctest */,
				A4C98652299FB845003CF879 /* ClientUITests.xctest */,
			);
			name = Products;
			sourceTree = "<group>";
		};
		A4C9863A299FB843003CF879 /* Client */ = {
			isa = PBXGroup;
			children = (
				A4C9867429A11D3B003CF879 /* Views */,
				A4C9867129A1196D003CF879 /* ViewModels */,
				A4C98665299FD178003CF879 /* Utilities */,
				A4C9866E29A10AEB003CF879 /* Models */,
				A4C9863B299FB843003CF879 /* ClientApp.swift */,
				A4C9863D299FB843003CF879 /* MainMenu.swift */,
				A4C9863F299FB844003CF879 /* Assets.xcassets */,
				A4C98641299FB844003CF879 /* Preview Content */,
			);
			path = Client;
			sourceTree = "<group>";
		};
		A4C98641299FB844003CF879 /* Preview Content */ = {
			isa = PBXGroup;
			children = (
				A4C98642299FB844003CF879 /* Preview Assets.xcassets */,
			);
			path = "Preview Content";
			sourceTree = "<group>";
		};
		A4C9864B299FB845003CF879 /* ClientTests */ = {
			isa = PBXGroup;
			children = (
				A4C9864C299FB845003CF879 /* ClientTests.swift */,
			);
			path = ClientTests;
			sourceTree = "<group>";
		};
		A4C98655299FB845003CF879 /* ClientUITests */ = {
			isa = PBXGroup;
			children = (
				A4C98656299FB845003CF879 /* ClientUITests.swift */,
				A4C98658299FB845003CF879 /* ClientUITestsLaunchTests.swift */,
			);
			path = ClientUITests;
			sourceTree = "<group>";
		};
		A4C98665299FD178003CF879 /* Utilities */ = {
			isa = PBXGroup;
			children = (
				A4C782DF2A5C3D2E00AACE4E /* UseCases */,
				A4C782D72A56D71F00AACE4E /* Storage */,
				A499DCDE2A274DEB00777B8F /* Enums */,
				A4DD9DC029DB2D2D0063DD9B /* NetworkManager */,
				A4DD9DBF29DB2CD60063DD9B /* Networking */,
				A4DD9DBD29DB2CB10063DD9B /* User */,
			);
			path = Utilities;
			sourceTree = "<group>";
		};
		A4C9866E29A10AEB003CF879 /* Models */ = {
			isa = PBXGroup;
			children = (
				A499DCE52A2F27B700777B8F /* SortedBooksDTO.swift */,
				A4C782D22A56B1C000AACE4E /* ChangePasswordDTO.swift */,
				A499DCD42A23FA6C00777B8F /* BookKart.swift */,
				A4DD9DC129DED1220063DD9B /* UserToken.swift */,
				A4DEA2782A1511DE00FE6EB3 /* PatchPurchaseBook.swift */,
				A4DEA2762A1373D400FE6EB3 /* GetUser.swift */,
				A43EDBEA29ED438D00573A2C /* Identifier.swift */,
				A4C9866F29A10B5F003CF879 /* OldBook.swift */,
				A4AF589529CC617A003F03AD /* Comment.swift */,
				A4AF589729CC61F3003F03AD /* Kart.swift */,
				A4DEA2742A128E4000FE6EB3 /* NewUser.swift */,
				A44D59C829ACB05A00FF7F22 /* Like.swift */,
				A4AF589929CC628E003F03AD /* Rating.swift */,
				A44D59CA29ACB0D000FF7F22 /* User.swift */,
			);
			path = Models;
			sourceTree = "<group>";
		};
		A4C9867129A1196D003CF879 /* ViewModels */ = {
			isa = PBXGroup;
			children = (
				A499DCDA2A2749E500777B8F /* HomepageViewModel.swift */,
				A43E2F782A542401006CFB63 /* MyCommentsViewModel.swift */,
				A43C72DF29CF8DF900CDF56B /* SignInViewModel.swift */,
				A43C72DB29CDD3DF00CDF56B /* UsersViewModel.swift */,
				A499DCE12A2A17E800777B8F /* ProfileSwitchViewModel.swift */,
				A4AEC1DD2A6A6DD600875E70 /* ProfileViewModel.swift */,
				A4C9867229A1198F003CF879 /* BooksViewModel.swift */,
				A44D59C629ACAFC800FF7F22 /* KartViewModel.swift */,
			);
			path = ViewModels;
			sourceTree = "<group>";
		};
		A4C9867429A11D3B003CF879 /* Views */ = {
			isa = PBXGroup;
			children = (
				A413CB3F29BD406800FDB528 /* Book */,
				A413CB4029BD40A300FDB528 /* Profile */,
			);
			path = Views;
			sourceTree = "<group>";
		};
		A4DD9DBD29DB2CB10063DD9B /* User */ = {
			isa = PBXGroup;
			children = (
				A4DD9DC529DF14630063DD9B /* LoginEnum .swift */,
				A4BDB5DA29D5BD4500C973CE /* UserProfileEnum.swift */,
			);
			path = User;
			sourceTree = "<group>";
		};
		A4DD9DBF29DB2CD60063DD9B /* Networking */ = {
			isa = PBXGroup;
			children = (
				A4C782CD2A559FC400AACE4E /* API */,
				A4C782CC2A559FB000AACE4E /* HTTP */,
				A4C98666299FD187003CF879 /* HttpClient.swift */,
				A4C98668299FD8DD003CF879 /* Networking.swift */,
				A4C9866C29A10835003CF879 /* Constants.swift */,
			);
			path = Networking;
			sourceTree = "<group>";
		};
		A4DD9DC029DB2D2D0063DD9B /* NetworkManager */ = {
			isa = PBXGroup;
			children = (
				A499DCDC2A274CA900777B8F /* HomepageNetworkManager.swift */,
				A4C9866A299FDB68003CF879 /* BooksNetworkManager.swift */,
				A43C72DD29CDD80700CDF56B /* UserNetworkManager.swift */,
				A44D59CC29ACB33200FF7F22 /* KartsNetworkManager.swift */,
			);
			path = NetworkManager;
			sourceTree = "<group>";
		};
/* End PBXGroup section */

/* Begin PBXNativeTarget section */
		A4C98637299FB843003CF879 /* Client */ = {
			isa = PBXNativeTarget;
			buildConfigurationList = A4C9865C299FB845003CF879 /* Build configuration list for PBXNativeTarget "Client" */;
			buildPhases = (
				A4C98634299FB843003CF879 /* Sources */,
				A4C98635299FB843003CF879 /* Frameworks */,
				A4C98636299FB843003CF879 /* Resources */,
				A4DC262629C3164800A9D94D /* Run Script */,
			);
			buildRules = (
			);
			dependencies = (
			);
			name = Client;
			productName = Client;
			productReference = A4C98638299FB843003CF879 /* Client.app */;
			productType = "com.apple.product-type.application";
		};
		A4C98647299FB845003CF879 /* ClientTests */ = {
			isa = PBXNativeTarget;
			buildConfigurationList = A4C9865F299FB845003CF879 /* Build configuration list for PBXNativeTarget "ClientTests" */;
			buildPhases = (
				A4C98644299FB845003CF879 /* Sources */,
				A4C98645299FB845003CF879 /* Frameworks */,
				A4C98646299FB845003CF879 /* Resources */,
			);
			buildRules = (
			);
			dependencies = (
				A4C9864A299FB845003CF879 /* PBXTargetDependency */,
			);
			name = ClientTests;
			productName = ClientTests;
			productReference = A4C98648299FB845003CF879 /* ClientTests.xctest */;
			productType = "com.apple.product-type.bundle.unit-test";
		};
		A4C98651299FB845003CF879 /* ClientUITests */ = {
			isa = PBXNativeTarget;
			buildConfigurationList = A4C98662299FB845003CF879 /* Build configuration list for PBXNativeTarget "ClientUITests" */;
			buildPhases = (
				A4C9864E299FB845003CF879 /* Sources */,
				A4C9864F299FB845003CF879 /* Frameworks */,
				A4C98650299FB845003CF879 /* Resources */,
			);
			buildRules = (
			);
			dependencies = (
				A4C98654299FB845003CF879 /* PBXTargetDependency */,
			);
			name = ClientUITests;
			productName = ClientUITests;
			productReference = A4C98652299FB845003CF879 /* ClientUITests.xctest */;
			productType = "com.apple.product-type.bundle.ui-testing";
		};
/* End PBXNativeTarget section */

/* Begin PBXProject section */
		A4C98630299FB843003CF879 /* Project object */ = {
			isa = PBXProject;
			attributes = {
				BuildIndependentTargetsInParallel = 1;
				LastSwiftUpdateCheck = 1400;
				LastUpgradeCheck = 1400;
				TargetAttributes = {
					A4C98637299FB843003CF879 = {
						CreatedOnToolsVersion = 14.0.1;
					};
					A4C98647299FB845003CF879 = {
						CreatedOnToolsVersion = 14.0.1;
						TestTargetID = A4C98637299FB843003CF879;
					};
					A4C98651299FB845003CF879 = {
						CreatedOnToolsVersion = 14.0.1;
						TestTargetID = A4C98637299FB843003CF879;
					};
				};
			};
			buildConfigurationList = A4C98633299FB843003CF879 /* Build configuration list for PBXProject "Client" */;
			compatibilityVersion = "Xcode 14.0";
			developmentRegion = en;
			hasScannedForEncodings = 0;
			knownRegions = (
				en,
				Base,
			);
			mainGroup = A4C9862F299FB843003CF879;
			productRefGroup = A4C98639299FB843003CF879 /* Products */;
			projectDirPath = "";
			projectRoot = "";
			targets = (
				A4C98637299FB843003CF879 /* Client */,
				A4C98647299FB845003CF879 /* ClientTests */,
				A4C98651299FB845003CF879 /* ClientUITests */,
			);
		};
/* End PBXProject section */

/* Begin PBXResourcesBuildPhase section */
		A4C98636299FB843003CF879 /* Resources */ = {
			isa = PBXResourcesBuildPhase;
			buildActionMask = 2147483647;
			files = (
				A4C98643299FB844003CF879 /* Preview Assets.xcassets in Resources */,
				A4C98640299FB844003CF879 /* Assets.xcassets in Resources */,
			);
			runOnlyForDeploymentPostprocessing = 0;
		};
		A4C98646299FB845003CF879 /* Resources */ = {
			isa = PBXResourcesBuildPhase;
			buildActionMask = 2147483647;
			files = (
			);
			runOnlyForDeploymentPostprocessing = 0;
		};
		A4C98650299FB845003CF879 /* Resources */ = {
			isa = PBXResourcesBuildPhase;
			buildActionMask = 2147483647;
			files = (
			);
			runOnlyForDeploymentPostprocessing = 0;
		};
/* End PBXResourcesBuildPhase section */

/* Begin PBXShellScriptBuildPhase section */
		A4DC262629C3164800A9D94D /* Run Script */ = {
			isa = PBXShellScriptBuildPhase;
			buildActionMask = 2147483647;
			files = (
			);
			inputFileListPaths = (
			);
			inputPaths = (
			);
			name = "Run Script";
			outputFileListPaths = (
			);
			outputPaths = (
			);
			runOnlyForDeploymentPostprocessing = 0;
			shellPath = /bin/sh;
			shellScript = "export PATH=\"$PATH:/opt/homebrew/bin\"\n\nif which swiftlint > /dev/null; then\n  swiftlint\nelse\n  echo \"warning: SwiftLint not installed, download from https://github.com/realm/SwiftLint\"\nfi\n";
		};
/* End PBXShellScriptBuildPhase section */

/* Begin PBXSourcesBuildPhase section */
		A4C98634299FB843003CF879 /* Sources */ = {
			isa = PBXSourcesBuildPhase;
			buildActionMask = 2147483647;
			files = (
				A45BDC522A531CC6003AB9FC /* CommentsOnMyBooksView.swift in Sources */,
				A4C782DB2A5C303B00AACE4E /* BooksAPI.swift in Sources */,
				A4C782C92A55969B00AACE4E /* HTTP.swift in Sources */,
				A4C9863E299FB843003CF879 /* MainMenu.swift in Sources */,
				A4AEC1E82A7165BE00875E70 /* CommentsAPI.swift in Sources */,
				A4BDB5DB29D5BD4500C973CE /* UserProfileEnum.swift in Sources */,
				A43C72DC29CDD3DF00CDF56B /* UsersViewModel.swift in Sources */,
				A43E2F792A542401006CFB63 /* MyCommentsViewModel.swift in Sources */,
				A4C9867829A11EFC003CF879 /* BooksList.swift in Sources */,
				A499DCD32A22AD0B00777B8F /* Oups.swift in Sources */,
				A44D59C929ACB05A00FF7F22 /* Like.swift in Sources */,
				A4C9867329A1198F003CF879 /* BooksViewModel.swift in Sources */,
				A4AEC1E62A7164C400875E70 /* CommentsUseCase.swift in Sources */,
				A43EDBEB29ED438D00573A2C /* Identifier.swift in Sources */,
				A4AF589C29CC6522003F03AD /* SignInView.swift in Sources */,
				A43C72DE29CDD80700CDF56B /* UserNetworkManager.swift in Sources */,
				A499DCD72A2496B800777B8F /* Homepage.swift in Sources */,
				A499DCD52A23FA6C00777B8F /* BookKart.swift in Sources */,
				A4C98667299FD187003CF879 /* HttpClient.swift in Sources */,
				A4C782D32A56B1C000AACE4E /* ChangePasswordDTO.swift in Sources */,
				A4C782D12A55A6C800AACE4E /* HTTPRequestFactory.swift in Sources */,
				A4DD9DB829D9D56B0063DD9B /* BoughtBooks.swift in Sources */,
				A43C72E029CF8DF900CDF56B /* SignInViewModel.swift in Sources */,
				A4AF589E29CC6529003F03AD /* CreateAccountView.swift in Sources */,
				A4C9867029A10B5F003CF879 /* OldBook.swift in Sources */,
				A4DD9DC429DF12B50063DD9B /* LoginChoiceScreen.swift in Sources */,
				A4DEA2752A128E4000FE6EB3 /* NewUser.swift in Sources */,
				A4DD9DB629D9D54F0063DD9B /* SoldBooks.swift in Sources */,
				A44D59C329A4C59600FF7F22 /* BookDetail.swift in Sources */,
				A4C782E12A5C3DBF00AACE4E /* UseCase.swift in Sources */,
				A44D59CB29ACB0D000FF7F22 /* User.swift in Sources */,
				A4C9863C299FB843003CF879 /* ClientApp.swift in Sources */,
				A4AEC1DE2A6A6DD600875E70 /* ProfileViewModel.swift in Sources */,
				A4AF58A029CC653D003F03AD /* KartView.swift in Sources */,
				A4C98669299FD8DD003CF879 /* Networking.swift in Sources */,
				A499DCE82A307A7C00777B8F /* HomepageToolbar.swift in Sources */,
				A499DCE62A2F27B700777B8F /* SortedBooksDTO.swift in Sources */,
				A44D59BD29A4077E00FF7F22 /* UserProfileView.swift in Sources */,
				A44D59CD29ACB33200FF7F22 /* KartsNetworkManager.swift in Sources */,
				A45BDC542A531D8D003AB9FC /* MyComments.swift in Sources */,
				A4DD9DC829DF24E40063DD9B /* ForgotMyPassword.swift in Sources */,
				A4C782CF2A559FDB00AACE4E /* Endpoint.swift in Sources */,
				A4AF589829CC61F3003F03AD /* Kart.swift in Sources */,
				A44D59BF29A407C800FF7F22 /* LikesView.swift in Sources */,
				A499DCDB2A2749E500777B8F /* HomepageViewModel.swift in Sources */,
				A44D59AF29A3722500FF7F22 /* CreateBookView.swift in Sources */,
				A4AF589A29CC628E003F03AD /* Rating.swift in Sources */,
				A499DCD92A24A46400777B8F /* SearchBook.swift in Sources */,
				A499DCDD2A274CA900777B8F /* HomepageNetworkManager.swift in Sources */,
				A4AF589629CC617A003F03AD /* Comment.swift in Sources */,
				A4EF9CCD2A557DE700E7897B /* ChangeMyPassword.swift in Sources */,
				A4DD9DC629DF14630063DD9B /* LoginEnum .swift in Sources */,
				A499DCD12A22ABFA00777B8F /* ProfileSwitch.swift in Sources */,
				A4C782D92A56D74400AACE4E /* TokenRepository.swift in Sources */,
				A4DD9DB229D9D4E40063DD9B /* BooksByMyFavoriteAuthorView.swift in Sources */,
				A4C9866B299FDB68003CF879 /* BooksNetworkManager.swift in Sources */,
				A4DD9DBA29DAC95C0063DD9B /* Keychain.swift in Sources */,
				A4C782E32A5C3DF700AACE4E /* BooksUseCase.swift in Sources */,
				A4AEC1E02A6ED78500875E70 /* UserUseCase.swift in Sources */,
				A499DCEA2A3774FE00777B8F /* UpdateProfile.swift in Sources */,
				A44D59C729ACAFC800FF7F22 /* KartViewModel.swift in Sources */,
				A44D59C129A4C21A00FF7F22 /* BookRow.swift in Sources */,
				A4C782CB2A5596D600AACE4E /* API.swift in Sources */,
				A4DD9DB429D9D50B0063DD9B /* MyFriendsView.swift in Sources */,
				A499DCE22A2A17E800777B8F /* ProfileSwitchViewModel.swift in Sources */,
				A4DEA2772A1373D400FE6EB3 /* GetUser.swift in Sources */,
				A499DCE02A274DFC00777B8F /* HomepageMenuSelector.swift in Sources */,
				A4AEC1E22A6ED8BF00875E70 /* UserAPI.swift in Sources */,
				A4DD9DC229DED1220063DD9B /* UserToken.swift in Sources */,
				A4DEA2792A1511DE00FE6EB3 /* PatchPurchaseBook.swift in Sources */,
				A4C782DE2A5C378D00AACE4E /* Book.swift in Sources */,
				A4C9866D29A10835003CF879 /* Constants.swift in Sources */,
			);
			runOnlyForDeploymentPostprocessing = 0;
		};
		A4C98644299FB845003CF879 /* Sources */ = {
			isa = PBXSourcesBuildPhase;
			buildActionMask = 2147483647;
			files = (
				A4C9864D299FB845003CF879 /* ClientTests.swift in Sources */,
			);
			runOnlyForDeploymentPostprocessing = 0;
		};
		A4C9864E299FB845003CF879 /* Sources */ = {
			isa = PBXSourcesBuildPhase;
			buildActionMask = 2147483647;
			files = (
				A4C98657299FB845003CF879 /* ClientUITests.swift in Sources */,
				A4C98659299FB845003CF879 /* ClientUITestsLaunchTests.swift in Sources */,
			);
			runOnlyForDeploymentPostprocessing = 0;
		};
/* End PBXSourcesBuildPhase section */

/* Begin PBXTargetDependency section */
		A4C9864A299FB845003CF879 /* PBXTargetDependency */ = {
			isa = PBXTargetDependency;
			target = A4C98637299FB843003CF879 /* Client */;
			targetProxy = A4C98649299FB845003CF879 /* PBXContainerItemProxy */;
		};
		A4C98654299FB845003CF879 /* PBXTargetDependency */ = {
			isa = PBXTargetDependency;
			target = A4C98637299FB843003CF879 /* Client */;
			targetProxy = A4C98653299FB845003CF879 /* PBXContainerItemProxy */;
		};
/* End PBXTargetDependency section */

/* Begin XCBuildConfiguration section */
		A4C9865A299FB845003CF879 /* Debug */ = {
			isa = XCBuildConfiguration;
			buildSettings = {
				ALWAYS_SEARCH_USER_PATHS = NO;
				CLANG_ANALYZER_NONNULL = YES;
				CLANG_ANALYZER_NUMBER_OBJECT_CONVERSION = YES_AGGRESSIVE;
				CLANG_CXX_LANGUAGE_STANDARD = "gnu++20";
				CLANG_ENABLE_MODULES = YES;
				CLANG_ENABLE_OBJC_ARC = YES;
				CLANG_ENABLE_OBJC_WEAK = YES;
				CLANG_WARN_BLOCK_CAPTURE_AUTORELEASING = YES;
				CLANG_WARN_BOOL_CONVERSION = YES;
				CLANG_WARN_COMMA = YES;
				CLANG_WARN_CONSTANT_CONVERSION = YES;
				CLANG_WARN_DEPRECATED_OBJC_IMPLEMENTATIONS = YES;
				CLANG_WARN_DIRECT_OBJC_ISA_USAGE = YES_ERROR;
				CLANG_WARN_DOCUMENTATION_COMMENTS = YES;
				CLANG_WARN_EMPTY_BODY = YES;
				CLANG_WARN_ENUM_CONVERSION = YES;
				CLANG_WARN_INFINITE_RECURSION = YES;
				CLANG_WARN_INT_CONVERSION = YES;
				CLANG_WARN_NON_LITERAL_NULL_CONVERSION = YES;
				CLANG_WARN_OBJC_IMPLICIT_RETAIN_SELF = YES;
				CLANG_WARN_OBJC_LITERAL_CONVERSION = YES;
				CLANG_WARN_OBJC_ROOT_CLASS = YES_ERROR;
				CLANG_WARN_QUOTED_INCLUDE_IN_FRAMEWORK_HEADER = YES;
				CLANG_WARN_RANGE_LOOP_ANALYSIS = YES;
				CLANG_WARN_STRICT_PROTOTYPES = YES;
				CLANG_WARN_SUSPICIOUS_MOVE = YES;
				CLANG_WARN_UNGUARDED_AVAILABILITY = YES_AGGRESSIVE;
				CLANG_WARN_UNREACHABLE_CODE = YES;
				CLANG_WARN__DUPLICATE_METHOD_MATCH = YES;
				COPY_PHASE_STRIP = NO;
				DEBUG_INFORMATION_FORMAT = dwarf;
				ENABLE_STRICT_OBJC_MSGSEND = YES;
				ENABLE_TESTABILITY = YES;
				GCC_C_LANGUAGE_STANDARD = gnu11;
				GCC_DYNAMIC_NO_PIC = NO;
				GCC_NO_COMMON_BLOCKS = YES;
				GCC_OPTIMIZATION_LEVEL = 0;
				GCC_PREPROCESSOR_DEFINITIONS = (
					"DEBUG=1",
					"$(inherited)",
				);
				GCC_WARN_64_TO_32_BIT_CONVERSION = YES;
				GCC_WARN_ABOUT_RETURN_TYPE = YES_ERROR;
				GCC_WARN_UNDECLARED_SELECTOR = YES;
				GCC_WARN_UNINITIALIZED_AUTOS = YES_AGGRESSIVE;
				GCC_WARN_UNUSED_FUNCTION = YES;
				GCC_WARN_UNUSED_VARIABLE = YES;
				IPHONEOS_DEPLOYMENT_TARGET = 16.0;
				MTL_ENABLE_DEBUG_INFO = INCLUDE_SOURCE;
				MTL_FAST_MATH = YES;
				ONLY_ACTIVE_ARCH = YES;
				SDKROOT = iphoneos;
				SWIFT_ACTIVE_COMPILATION_CONDITIONS = DEBUG;
				SWIFT_OPTIMIZATION_LEVEL = "-Onone";
			};
			name = Debug;
		};
		A4C9865B299FB845003CF879 /* Release */ = {
			isa = XCBuildConfiguration;
			buildSettings = {
				ALWAYS_SEARCH_USER_PATHS = NO;
				CLANG_ANALYZER_NONNULL = YES;
				CLANG_ANALYZER_NUMBER_OBJECT_CONVERSION = YES_AGGRESSIVE;
				CLANG_CXX_LANGUAGE_STANDARD = "gnu++20";
				CLANG_ENABLE_MODULES = YES;
				CLANG_ENABLE_OBJC_ARC = YES;
				CLANG_ENABLE_OBJC_WEAK = YES;
				CLANG_WARN_BLOCK_CAPTURE_AUTORELEASING = YES;
				CLANG_WARN_BOOL_CONVERSION = YES;
				CLANG_WARN_COMMA = YES;
				CLANG_WARN_CONSTANT_CONVERSION = YES;
				CLANG_WARN_DEPRECATED_OBJC_IMPLEMENTATIONS = YES;
				CLANG_WARN_DIRECT_OBJC_ISA_USAGE = YES_ERROR;
				CLANG_WARN_DOCUMENTATION_COMMENTS = YES;
				CLANG_WARN_EMPTY_BODY = YES;
				CLANG_WARN_ENUM_CONVERSION = YES;
				CLANG_WARN_INFINITE_RECURSION = YES;
				CLANG_WARN_INT_CONVERSION = YES;
				CLANG_WARN_NON_LITERAL_NULL_CONVERSION = YES;
				CLANG_WARN_OBJC_IMPLICIT_RETAIN_SELF = YES;
				CLANG_WARN_OBJC_LITERAL_CONVERSION = YES;
				CLANG_WARN_OBJC_ROOT_CLASS = YES_ERROR;
				CLANG_WARN_QUOTED_INCLUDE_IN_FRAMEWORK_HEADER = YES;
				CLANG_WARN_RANGE_LOOP_ANALYSIS = YES;
				CLANG_WARN_STRICT_PROTOTYPES = YES;
				CLANG_WARN_SUSPICIOUS_MOVE = YES;
				CLANG_WARN_UNGUARDED_AVAILABILITY = YES_AGGRESSIVE;
				CLANG_WARN_UNREACHABLE_CODE = YES;
				CLANG_WARN__DUPLICATE_METHOD_MATCH = YES;
				COPY_PHASE_STRIP = NO;
				DEBUG_INFORMATION_FORMAT = "dwarf-with-dsym";
				ENABLE_NS_ASSERTIONS = NO;
				ENABLE_STRICT_OBJC_MSGSEND = YES;
				GCC_C_LANGUAGE_STANDARD = gnu11;
				GCC_NO_COMMON_BLOCKS = YES;
				GCC_WARN_64_TO_32_BIT_CONVERSION = YES;
				GCC_WARN_ABOUT_RETURN_TYPE = YES_ERROR;
				GCC_WARN_UNDECLARED_SELECTOR = YES;
				GCC_WARN_UNINITIALIZED_AUTOS = YES_AGGRESSIVE;
				GCC_WARN_UNUSED_FUNCTION = YES;
				GCC_WARN_UNUSED_VARIABLE = YES;
				IPHONEOS_DEPLOYMENT_TARGET = 16.0;
				MTL_ENABLE_DEBUG_INFO = NO;
				MTL_FAST_MATH = YES;
				SDKROOT = iphoneos;
				SWIFT_COMPILATION_MODE = wholemodule;
				SWIFT_OPTIMIZATION_LEVEL = "-O";
				VALIDATE_PRODUCT = YES;
			};
			name = Release;
		};
		A4C9865D299FB845003CF879 /* Debug */ = {
			isa = XCBuildConfiguration;
			buildSettings = {
				ASSETCATALOG_COMPILER_APPICON_NAME = AppIcon;
				ASSETCATALOG_COMPILER_GLOBAL_ACCENT_COLOR_NAME = AccentColor;
				CODE_SIGN_STYLE = Automatic;
				CURRENT_PROJECT_VERSION = 1;
				DEVELOPMENT_ASSET_PATHS = "\"Client/Preview Content\"";
				DEVELOPMENT_TEAM = S33K8J3899;
				ENABLE_PREVIEWS = YES;
				GENERATE_INFOPLIST_FILE = YES;
				INFOPLIST_KEY_UIApplicationSceneManifest_Generation = YES;
				INFOPLIST_KEY_UIApplicationSupportsIndirectInputEvents = YES;
				INFOPLIST_KEY_UILaunchScreen_Generation = YES;
				INFOPLIST_KEY_UISupportedInterfaceOrientations_iPad = "UIInterfaceOrientationPortrait UIInterfaceOrientationPortraitUpsideDown UIInterfaceOrientationLandscapeLeft UIInterfaceOrientationLandscapeRight";
				INFOPLIST_KEY_UISupportedInterfaceOrientations_iPhone = "UIInterfaceOrientationPortrait UIInterfaceOrientationLandscapeLeft UIInterfaceOrientationLandscapeRight";
				LD_RUNPATH_SEARCH_PATHS = (
					"$(inherited)",
					"@executable_path/Frameworks",
				);
				MARKETING_VERSION = 1.0;
				PRODUCT_BUNDLE_IDENTIFIER = Emma.Client;
				PRODUCT_NAME = "$(TARGET_NAME)";
				SWIFT_EMIT_LOC_STRINGS = YES;
				SWIFT_VERSION = 5.0;
				TARGETED_DEVICE_FAMILY = "1,2";
			};
			name = Debug;
		};
		A4C9865E299FB845003CF879 /* Release */ = {
			isa = XCBuildConfiguration;
			buildSettings = {
				ASSETCATALOG_COMPILER_APPICON_NAME = AppIcon;
				ASSETCATALOG_COMPILER_GLOBAL_ACCENT_COLOR_NAME = AccentColor;
				CODE_SIGN_STYLE = Automatic;
				CURRENT_PROJECT_VERSION = 1;
				DEVELOPMENT_ASSET_PATHS = "\"Client/Preview Content\"";
				DEVELOPMENT_TEAM = S33K8J3899;
				ENABLE_PREVIEWS = YES;
				GENERATE_INFOPLIST_FILE = YES;
				INFOPLIST_KEY_UIApplicationSceneManifest_Generation = YES;
				INFOPLIST_KEY_UIApplicationSupportsIndirectInputEvents = YES;
				INFOPLIST_KEY_UILaunchScreen_Generation = YES;
				INFOPLIST_KEY_UISupportedInterfaceOrientations_iPad = "UIInterfaceOrientationPortrait UIInterfaceOrientationPortraitUpsideDown UIInterfaceOrientationLandscapeLeft UIInterfaceOrientationLandscapeRight";
				INFOPLIST_KEY_UISupportedInterfaceOrientations_iPhone = "UIInterfaceOrientationPortrait UIInterfaceOrientationLandscapeLeft UIInterfaceOrientationLandscapeRight";
				LD_RUNPATH_SEARCH_PATHS = (
					"$(inherited)",
					"@executable_path/Frameworks",
				);
				MARKETING_VERSION = 1.0;
				PRODUCT_BUNDLE_IDENTIFIER = Emma.Client;
				PRODUCT_NAME = "$(TARGET_NAME)";
				SWIFT_EMIT_LOC_STRINGS = YES;
				SWIFT_VERSION = 5.0;
				TARGETED_DEVICE_FAMILY = "1,2";
			};
			name = Release;
		};
		A4C98660299FB845003CF879 /* Debug */ = {
			isa = XCBuildConfiguration;
			buildSettings = {
				ALWAYS_EMBED_SWIFT_STANDARD_LIBRARIES = YES;
				BUNDLE_LOADER = "$(TEST_HOST)";
				CODE_SIGN_STYLE = Automatic;
				CURRENT_PROJECT_VERSION = 1;
				DEVELOPMENT_TEAM = S33K8J3899;
				GENERATE_INFOPLIST_FILE = YES;
				IPHONEOS_DEPLOYMENT_TARGET = 16.0;
				MARKETING_VERSION = 1.0;
				PRODUCT_BUNDLE_IDENTIFIER = Emma.ClientTests;
				PRODUCT_NAME = "$(TARGET_NAME)";
				SWIFT_EMIT_LOC_STRINGS = NO;
				SWIFT_VERSION = 5.0;
				TARGETED_DEVICE_FAMILY = "1,2";
				TEST_HOST = "$(BUILT_PRODUCTS_DIR)/Client.app/$(BUNDLE_EXECUTABLE_FOLDER_PATH)/Client";
			};
			name = Debug;
		};
		A4C98661299FB845003CF879 /* Release */ = {
			isa = XCBuildConfiguration;
			buildSettings = {
				ALWAYS_EMBED_SWIFT_STANDARD_LIBRARIES = YES;
				BUNDLE_LOADER = "$(TEST_HOST)";
				CODE_SIGN_STYLE = Automatic;
				CURRENT_PROJECT_VERSION = 1;
				DEVELOPMENT_TEAM = S33K8J3899;
				GENERATE_INFOPLIST_FILE = YES;
				IPHONEOS_DEPLOYMENT_TARGET = 16.0;
				MARKETING_VERSION = 1.0;
				PRODUCT_BUNDLE_IDENTIFIER = Emma.ClientTests;
				PRODUCT_NAME = "$(TARGET_NAME)";
				SWIFT_EMIT_LOC_STRINGS = NO;
				SWIFT_VERSION = 5.0;
				TARGETED_DEVICE_FAMILY = "1,2";
				TEST_HOST = "$(BUILT_PRODUCTS_DIR)/Client.app/$(BUNDLE_EXECUTABLE_FOLDER_PATH)/Client";
			};
			name = Release;
		};
		A4C98663299FB845003CF879 /* Debug */ = {
			isa = XCBuildConfiguration;
			buildSettings = {
				ALWAYS_EMBED_SWIFT_STANDARD_LIBRARIES = YES;
				CODE_SIGN_STYLE = Automatic;
				CURRENT_PROJECT_VERSION = 1;
				DEVELOPMENT_TEAM = S33K8J3899;
				GENERATE_INFOPLIST_FILE = YES;
				MARKETING_VERSION = 1.0;
				PRODUCT_BUNDLE_IDENTIFIER = Emma.ClientUITests;
				PRODUCT_NAME = "$(TARGET_NAME)";
				SWIFT_EMIT_LOC_STRINGS = NO;
				SWIFT_VERSION = 5.0;
				TARGETED_DEVICE_FAMILY = "1,2";
				TEST_TARGET_NAME = Client;
			};
			name = Debug;
		};
		A4C98664299FB845003CF879 /* Release */ = {
			isa = XCBuildConfiguration;
			buildSettings = {
				ALWAYS_EMBED_SWIFT_STANDARD_LIBRARIES = YES;
				CODE_SIGN_STYLE = Automatic;
				CURRENT_PROJECT_VERSION = 1;
				DEVELOPMENT_TEAM = S33K8J3899;
				GENERATE_INFOPLIST_FILE = YES;
				MARKETING_VERSION = 1.0;
				PRODUCT_BUNDLE_IDENTIFIER = Emma.ClientUITests;
				PRODUCT_NAME = "$(TARGET_NAME)";
				SWIFT_EMIT_LOC_STRINGS = NO;
				SWIFT_VERSION = 5.0;
				TARGETED_DEVICE_FAMILY = "1,2";
				TEST_TARGET_NAME = Client;
			};
			name = Release;
		};
/* End XCBuildConfiguration section */

/* Begin XCConfigurationList section */
		A4C98633299FB843003CF879 /* Build configuration list for PBXProject "Client" */ = {
			isa = XCConfigurationList;
			buildConfigurations = (
				A4C9865A299FB845003CF879 /* Debug */,
				A4C9865B299FB845003CF879 /* Release */,
			);
			defaultConfigurationIsVisible = 0;
			defaultConfigurationName = Release;
		};
		A4C9865C299FB845003CF879 /* Build configuration list for PBXNativeTarget "Client" */ = {
			isa = XCConfigurationList;
			buildConfigurations = (
				A4C9865D299FB845003CF879 /* Debug */,
				A4C9865E299FB845003CF879 /* Release */,
			);
			defaultConfigurationIsVisible = 0;
			defaultConfigurationName = Release;
		};
		A4C9865F299FB845003CF879 /* Build configuration list for PBXNativeTarget "ClientTests" */ = {
			isa = XCConfigurationList;
			buildConfigurations = (
				A4C98660299FB845003CF879 /* Debug */,
				A4C98661299FB845003CF879 /* Release */,
			);
			defaultConfigurationIsVisible = 0;
			defaultConfigurationName = Release;
		};
		A4C98662299FB845003CF879 /* Build configuration list for PBXNativeTarget "ClientUITests" */ = {
			isa = XCConfigurationList;
			buildConfigurations = (
				A4C98663299FB845003CF879 /* Debug */,
				A4C98664299FB845003CF879 /* Release */,
			);
			defaultConfigurationIsVisible = 0;
			defaultConfigurationName = Release;
		};
/* End XCConfigurationList section */
	};
	rootObject = A4C98630299FB843003CF879 /* Project object */;
}
